// !$*UTF8*$!
{
	archiveVersion = 1;
	classes = {
	};
	objectVersion = 56;
	objects = {

/* Begin PBXBuildFile section */
		26ED02922AA356F600BEC612 /* ReminderListStyle.swift in Sources */ = {isa = PBXBuildFile; fileRef = 26ED02912AA356F600BEC612 /* ReminderListStyle.swift */; };
		26ED02942AA37BC900BEC612 /* ProgressHeaderView.swift in Sources */ = {isa = PBXBuildFile; fileRef = 26ED02932AA37BC900BEC612 /* ProgressHeaderView.swift */; };
		26ED02962AA389B100BEC612 /* CAGradientLayer+ListStyle.swift in Sources */ = {isa = PBXBuildFile; fileRef = 26ED02952AA389B100BEC612 /* CAGradientLayer+ListStyle.swift */; };
		E30B700C2A8E582700486EB0 /* AppDelegate.swift in Sources */ = {isa = PBXBuildFile; fileRef = E30B700B2A8E582700486EB0 /* AppDelegate.swift */; };
		E30B700E2A8E582700486EB0 /* SceneDelegate.swift in Sources */ = {isa = PBXBuildFile; fileRef = E30B700D2A8E582700486EB0 /* SceneDelegate.swift */; };
		E30B70102A8E582700486EB0 /* ReminderListViewController.swift in Sources */ = {isa = PBXBuildFile; fileRef = E30B700F2A8E582700486EB0 /* ReminderListViewController.swift */; };
		E30B70152A8E582800486EB0 /* Assets.xcassets in Resources */ = {isa = PBXBuildFile; fileRef = E30B70142A8E582800486EB0 /* Assets.xcassets */; };
		E30B70182A8E582800486EB0 /* LaunchScreen.storyboard in Resources */ = {isa = PBXBuildFile; fileRef = E30B70162A8E582800486EB0 /* LaunchScreen.storyboard */; };
		E30B70212A8E59E600486EB0 /* Reminder.swift in Sources */ = {isa = PBXBuildFile; fileRef = E30B70202A8E59E600486EB0 /* Reminder.swift */; };
		E30B70242A8E66F400486EB0 /* UIColor+Today.swift in Sources */ = {isa = PBXBuildFile; fileRef = E30B70232A8E66F400486EB0 /* UIColor+Today.swift */; };
		E30B70262A8E671B00486EB0 /* Date+Today.swift in Sources */ = {isa = PBXBuildFile; fileRef = E30B70252A8E671B00486EB0 /* Date+Today.swift */; };
		E30B70292A8E6A0200486EB0 /* ReminderListViewController+DataSource.swift in Sources */ = {isa = PBXBuildFile; fileRef = E30B70282A8E6A0200486EB0 /* ReminderListViewController+DataSource.swift */; };
		E3BDD30C2A936E4800FBC5A6 /* ReminderViewController+CellConfiguration.swift in Sources */ = {isa = PBXBuildFile; fileRef = E3BDD30B2A936E4800FBC5A6 /* ReminderViewController+CellConfiguration.swift */; };
		E3BDD30F2A93709F00FBC5A6 /* UIView+PinnedSubview.swift in Sources */ = {isa = PBXBuildFile; fileRef = E3BDD30E2A93709F00FBC5A6 /* UIView+PinnedSubview.swift */; };
		E3BDD3112A9378E900FBC5A6 /* TextFieldContentView.swift in Sources */ = {isa = PBXBuildFile; fileRef = E3BDD3102A9378E900FBC5A6 /* TextFieldContentView.swift */; };
		E3BDD3132A937B1200FBC5A6 /* UIContentConfiguration+Stateless.swift in Sources */ = {isa = PBXBuildFile; fileRef = E3BDD3122A937B1200FBC5A6 /* UIContentConfiguration+Stateless.swift */; };
		E3BDD3152A937F8E00FBC5A6 /* TextViewContentView.swift in Sources */ = {isa = PBXBuildFile; fileRef = E3BDD3142A937F8E00FBC5A6 /* TextViewContentView.swift */; };
		E3BDD3172A93828400FBC5A6 /* DatePickerContentView.swift in Sources */ = {isa = PBXBuildFile; fileRef = E3BDD3162A93828400FBC5A6 /* DatePickerContentView.swift */; };
		E3E189522A8F64F100279AAC /* ReminderDoneButton.swift in Sources */ = {isa = PBXBuildFile; fileRef = E3E189512A8F64F100279AAC /* ReminderDoneButton.swift */; };
		E3E189542A8F65D600279AAC /* ReminderListViewController+Actions.swift in Sources */ = {isa = PBXBuildFile; fileRef = E3E189532A8F65D600279AAC /* ReminderListViewController+Actions.swift */; };
		E3E189572A8F91BD00279AAC /* ReminderViewController.swift in Sources */ = {isa = PBXBuildFile; fileRef = E3E189562A8F91BD00279AAC /* ReminderViewController.swift */; };
		E3E1895A2A8F946500279AAC /* ReminderViewController+Row.swift in Sources */ = {isa = PBXBuildFile; fileRef = E3E189592A8F946500279AAC /* ReminderViewController+Row.swift */; };
		E3E1895E2A8FB06100279AAC /* ReminderViewController+Section.swift in Sources */ = {isa = PBXBuildFile; fileRef = E3E1895D2A8FB06100279AAC /* ReminderViewController+Section.swift */; };
/* End PBXBuildFile section */

/* Begin PBXFileReference section */
		26ED02912AA356F600BEC612 /* ReminderListStyle.swift */ = {isa = PBXFileReference; lastKnownFileType = sourcecode.swift; path = ReminderListStyle.swift; sourceTree = "<group>"; };
		26ED02932AA37BC900BEC612 /* ProgressHeaderView.swift */ = {isa = PBXFileReference; lastKnownFileType = sourcecode.swift; path = ProgressHeaderView.swift; sourceTree = "<group>"; };
		26ED02952AA389B100BEC612 /* CAGradientLayer+ListStyle.swift */ = {isa = PBXFileReference; lastKnownFileType = sourcecode.swift; path = "CAGradientLayer+ListStyle.swift"; sourceTree = "<group>"; };
		E30B70082A8E582700486EB0 /* Today.app */ = {isa = PBXFileReference; explicitFileType = wrapper.application; includeInIndex = 0; path = Today.app; sourceTree = BUILT_PRODUCTS_DIR; };
		E30B700B2A8E582700486EB0 /* AppDelegate.swift */ = {isa = PBXFileReference; lastKnownFileType = sourcecode.swift; path = AppDelegate.swift; sourceTree = "<group>"; };
		E30B700D2A8E582700486EB0 /* SceneDelegate.swift */ = {isa = PBXFileReference; lastKnownFileType = sourcecode.swift; path = SceneDelegate.swift; sourceTree = "<group>"; };
		E30B700F2A8E582700486EB0 /* ReminderListViewController.swift */ = {isa = PBXFileReference; lastKnownFileType = sourcecode.swift; path = ReminderListViewController.swift; sourceTree = "<group>"; };
		E30B70142A8E582800486EB0 /* Assets.xcassets */ = {isa = PBXFileReference; lastKnownFileType = folder.assetcatalog; path = Assets.xcassets; sourceTree = "<group>"; };
		E30B70172A8E582800486EB0 /* Base */ = {isa = PBXFileReference; lastKnownFileType = file.storyboard; name = Base; path = Base.lproj/LaunchScreen.storyboard; sourceTree = "<group>"; };
		E30B70192A8E582800486EB0 /* Info.plist */ = {isa = PBXFileReference; lastKnownFileType = text.plist.xml; path = Info.plist; sourceTree = "<group>"; };
		E30B70202A8E59E600486EB0 /* Reminder.swift */ = {isa = PBXFileReference; lastKnownFileType = sourcecode.swift; path = Reminder.swift; sourceTree = "<group>"; };
		E30B70232A8E66F400486EB0 /* UIColor+Today.swift */ = {isa = PBXFileReference; lastKnownFileType = sourcecode.swift; path = "UIColor+Today.swift"; sourceTree = "<group>"; };
		E30B70252A8E671B00486EB0 /* Date+Today.swift */ = {isa = PBXFileReference; lastKnownFileType = sourcecode.swift; path = "Date+Today.swift"; sourceTree = "<group>"; };
		E30B70282A8E6A0200486EB0 /* ReminderListViewController+DataSource.swift */ = {isa = PBXFileReference; lastKnownFileType = sourcecode.swift; path = "ReminderListViewController+DataSource.swift"; sourceTree = "<group>"; };
		E3BDD30B2A936E4800FBC5A6 /* ReminderViewController+CellConfiguration.swift */ = {isa = PBXFileReference; lastKnownFileType = sourcecode.swift; path = "ReminderViewController+CellConfiguration.swift"; sourceTree = "<group>"; };
		E3BDD30E2A93709F00FBC5A6 /* UIView+PinnedSubview.swift */ = {isa = PBXFileReference; lastKnownFileType = sourcecode.swift; path = "UIView+PinnedSubview.swift"; sourceTree = "<group>"; };
		E3BDD3102A9378E900FBC5A6 /* TextFieldContentView.swift */ = {isa = PBXFileReference; lastKnownFileType = sourcecode.swift; path = TextFieldContentView.swift; sourceTree = "<group>"; };
		E3BDD3122A937B1200FBC5A6 /* UIContentConfiguration+Stateless.swift */ = {isa = PBXFileReference; lastKnownFileType = sourcecode.swift; path = "UIContentConfiguration+Stateless.swift"; sourceTree = "<group>"; };
		E3BDD3142A937F8E00FBC5A6 /* TextViewContentView.swift */ = {isa = PBXFileReference; lastKnownFileType = sourcecode.swift; path = TextViewContentView.swift; sourceTree = "<group>"; };
		E3BDD3162A93828400FBC5A6 /* DatePickerContentView.swift */ = {isa = PBXFileReference; lastKnownFileType = sourcecode.swift; path = DatePickerContentView.swift; sourceTree = "<group>"; };
		E3E189512A8F64F100279AAC /* ReminderDoneButton.swift */ = {isa = PBXFileReference; lastKnownFileType = sourcecode.swift; path = ReminderDoneButton.swift; sourceTree = "<group>"; };
		E3E189532A8F65D600279AAC /* ReminderListViewController+Actions.swift */ = {isa = PBXFileReference; lastKnownFileType = sourcecode.swift; path = "ReminderListViewController+Actions.swift"; sourceTree = "<group>"; };
		E3E189562A8F91BD00279AAC /* ReminderViewController.swift */ = {isa = PBXFileReference; lastKnownFileType = sourcecode.swift; path = ReminderViewController.swift; sourceTree = "<group>"; };
		E3E189592A8F946500279AAC /* ReminderViewController+Row.swift */ = {isa = PBXFileReference; lastKnownFileType = sourcecode.swift; path = "ReminderViewController+Row.swift"; sourceTree = "<group>"; };
		E3E1895D2A8FB06100279AAC /* ReminderViewController+Section.swift */ = {isa = PBXFileReference; lastKnownFileType = sourcecode.swift; path = "ReminderViewController+Section.swift"; sourceTree = "<group>"; };
/* End PBXFileReference section */

/* Begin PBXFrameworksBuildPhase section */
		E30B70052A8E582700486EB0 /* Frameworks */ = {
			isa = PBXFrameworksBuildPhase;
			buildActionMask = 2147483647;
			files = (
			);
			runOnlyForDeploymentPostprocessing = 0;
		};
/* End PBXFrameworksBuildPhase section */

/* Begin PBXGroup section */
		E30B6FFF2A8E582700486EB0 = {
			isa = PBXGroup;
			children = (
				E30B700A2A8E582700486EB0 /* Today */,
				E30B70092A8E582700486EB0 /* Products */,
			);
			sourceTree = "<group>";
		};
		E30B70092A8E582700486EB0 /* Products */ = {
			isa = PBXGroup;
			children = (
				E30B70082A8E582700486EB0 /* Today.app */,
			);
			name = Products;
			sourceTree = "<group>";
		};
		E30B700A2A8E582700486EB0 /* Today */ = {
			isa = PBXGroup;
			children = (
				E30B70222A8E66E600486EB0 /* Extensions */,
				E30B701F2A8E59C100486EB0 /* Models */,
				E3E189552A8F919F00279AAC /* ViewControllers */,
				E3E189502A8F64D700279AAC /* Views */,
				E30B700B2A8E582700486EB0 /* AppDelegate.swift */,
				E30B700D2A8E582700486EB0 /* SceneDelegate.swift */,
				E30B70142A8E582800486EB0 /* Assets.xcassets */,
				E30B70162A8E582800486EB0 /* LaunchScreen.storyboard */,
				E30B70192A8E582800486EB0 /* Info.plist */,
			);
			path = Today;
			sourceTree = "<group>";
		};
		E30B701F2A8E59C100486EB0 /* Models */ = {
			isa = PBXGroup;
			children = (
				E30B70202A8E59E600486EB0 /* Reminder.swift */,
				26ED02912AA356F600BEC612 /* ReminderListStyle.swift */,
			);
			path = Models;
			sourceTree = "<group>";
		};
		E30B70222A8E66E600486EB0 /* Extensions */ = {
			isa = PBXGroup;
			children = (
				E30B70232A8E66F400486EB0 /* UIColor+Today.swift */,
				E30B70252A8E671B00486EB0 /* Date+Today.swift */,
				26ED02952AA389B100BEC612 /* CAGradientLayer+ListStyle.swift */,
			);
			path = Extensions;
			sourceTree = "<group>";
		};
		E30B70272A8E69DA00486EB0 /* ListViewController */ = {
			isa = PBXGroup;
			children = (
				E30B700F2A8E582700486EB0 /* ReminderListViewController.swift */,
				E30B70282A8E6A0200486EB0 /* ReminderListViewController+DataSource.swift */,
				E3E189532A8F65D600279AAC /* ReminderListViewController+Actions.swift */,
			);
			path = ListViewController;
			sourceTree = "<group>";
		};
		E3BDD30D2A93707300FBC5A6 /* ContentViews */ = {
			isa = PBXGroup;
			children = (
				E3BDD30E2A93709F00FBC5A6 /* UIView+PinnedSubview.swift */,
				E3BDD3102A9378E900FBC5A6 /* TextFieldContentView.swift */,
				E3BDD3122A937B1200FBC5A6 /* UIContentConfiguration+Stateless.swift */,
				E3BDD3142A937F8E00FBC5A6 /* TextViewContentView.swift */,
				E3BDD3162A93828400FBC5A6 /* DatePickerContentView.swift */,
				26ED02932AA37BC900BEC612 /* ProgressHeaderView.swift */,
			);
			path = ContentViews;
			sourceTree = "<group>";
		};
		E3E189502A8F64D700279AAC /* Views */ = {
			isa = PBXGroup;
			children = (
				E3BDD30D2A93707300FBC5A6 /* ContentViews */,
				E3E189512A8F64F100279AAC /* ReminderDoneButton.swift */,
			);
			path = Views;
			sourceTree = "<group>";
		};
		E3E189552A8F919F00279AAC /* ViewControllers */ = {
			isa = PBXGroup;
			children = (
				E30B70272A8E69DA00486EB0 /* ListViewController */,
				E3E189582A8F944800279AAC /* DetailViewController */,
			);
			path = ViewControllers;
			sourceTree = "<group>";
		};
		E3E189582A8F944800279AAC /* DetailViewController */ = {
			isa = PBXGroup;
			children = (
				E3E189562A8F91BD00279AAC /* ReminderViewController.swift */,
				E3E189592A8F946500279AAC /* ReminderViewController+Row.swift */,
				E3E1895D2A8FB06100279AAC /* ReminderViewController+Section.swift */,
				E3BDD30B2A936E4800FBC5A6 /* ReminderViewController+CellConfiguration.swift */,
			);
			path = DetailViewController;
			sourceTree = "<group>";
		};
/* End PBXGroup section */

/* Begin PBXNativeTarget section */
		E30B70072A8E582700486EB0 /* Today */ = {
			isa = PBXNativeTarget;
			buildConfigurationList = E30B701C2A8E582800486EB0 /* Build configuration list for PBXNativeTarget "Today" */;
			buildPhases = (
				E30B70042A8E582700486EB0 /* Sources */,
				E30B70052A8E582700486EB0 /* Frameworks */,
				E30B70062A8E582700486EB0 /* Resources */,
			);
			buildRules = (
			);
			dependencies = (
			);
			name = Today;
			productName = Today;
			productReference = E30B70082A8E582700486EB0 /* Today.app */;
			productType = "com.apple.product-type.application";
		};
/* End PBXNativeTarget section */

/* Begin PBXProject section */
		E30B70002A8E582700486EB0 /* Project object */ = {
			isa = PBXProject;
			attributes = {
				BuildIndependentTargetsInParallel = 1;
				LastSwiftUpdateCheck = 1430;
				LastUpgradeCheck = 1430;
				TargetAttributes = {
					E30B70072A8E582700486EB0 = {
						CreatedOnToolsVersion = 14.3.1;
					};
				};
			};
			buildConfigurationList = E30B70032A8E582700486EB0 /* Build configuration list for PBXProject "Today" */;
			compatibilityVersion = "Xcode 14.0";
			developmentRegion = en;
			hasScannedForEncodings = 0;
			knownRegions = (
				en,
				Base,
			);
			mainGroup = E30B6FFF2A8E582700486EB0;
			productRefGroup = E30B70092A8E582700486EB0 /* Products */;
			projectDirPath = "";
			projectRoot = "";
			targets = (
				E30B70072A8E582700486EB0 /* Today */,
			);
		};
/* End PBXProject section */

/* Begin PBXResourcesBuildPhase section */
		E30B70062A8E582700486EB0 /* Resources */ = {
			isa = PBXResourcesBuildPhase;
			buildActionMask = 2147483647;
			files = (
				E30B70182A8E582800486EB0 /* LaunchScreen.storyboard in Resources */,
				E30B70152A8E582800486EB0 /* Assets.xcassets in Resources */,
			);
			runOnlyForDeploymentPostprocessing = 0;
		};
/* End PBXResourcesBuildPhase section */

/* Begin PBXSourcesBuildPhase section */
		E30B70042A8E582700486EB0 /* Sources */ = {
			isa = PBXSourcesBuildPhase;
			buildActionMask = 2147483647;
			files = (
				26ED02942AA37BC900BEC612 /* ProgressHeaderView.swift in Sources */,
				E3E1895E2A8FB06100279AAC /* ReminderViewController+Section.swift in Sources */,
				E30B70102A8E582700486EB0 /* ReminderListViewController.swift in Sources */,
				E3BDD3172A93828400FBC5A6 /* DatePickerContentView.swift in Sources */,
				E3E189542A8F65D600279AAC /* ReminderListViewController+Actions.swift in Sources */,
				E3E189572A8F91BD00279AAC /* ReminderViewController.swift in Sources */,
				E30B700C2A8E582700486EB0 /* AppDelegate.swift in Sources */,
				26ED02922AA356F600BEC612 /* ReminderListStyle.swift in Sources */,
				E3BDD3132A937B1200FBC5A6 /* UIContentConfiguration+Stateless.swift in Sources */,
				E30B70242A8E66F400486EB0 /* UIColor+Today.swift in Sources */,
				E3E1895A2A8F946500279AAC /* ReminderViewController+Row.swift in Sources */,
				E3BDD3112A9378E900FBC5A6 /* TextFieldContentView.swift in Sources */,
				E3BDD3152A937F8E00FBC5A6 /* TextViewContentView.swift in Sources */,
				E3E189522A8F64F100279AAC /* ReminderDoneButton.swift in Sources */,
				E30B70262A8E671B00486EB0 /* Date+Today.swift in Sources */,
				E3BDD30C2A936E4800FBC5A6 /* ReminderViewController+CellConfiguration.swift in Sources */,
				E30B70292A8E6A0200486EB0 /* ReminderListViewController+DataSource.swift in Sources */,
				E3BDD30F2A93709F00FBC5A6 /* UIView+PinnedSubview.swift in Sources */,
				E30B700E2A8E582700486EB0 /* SceneDelegate.swift in Sources */,
				26ED02962AA389B100BEC612 /* CAGradientLayer+ListStyle.swift in Sources */,
				E30B70212A8E59E600486EB0 /* Reminder.swift in Sources */,
			);
			runOnlyForDeploymentPostprocessing = 0;
		};
/* End PBXSourcesBuildPhase section */

/* Begin PBXVariantGroup section */
		E30B70162A8E582800486EB0 /* LaunchScreen.storyboard */ = {
			isa = PBXVariantGroup;
			children = (
				E30B70172A8E582800486EB0 /* Base */,
			);
			name = LaunchScreen.storyboard;
			sourceTree = "<group>";
		};
/* End PBXVariantGroup section */

/* Begin XCBuildConfiguration section */
		E30B701A2A8E582800486EB0 /* Debug */ = {
			isa = XCBuildConfiguration;
			buildSettings = {
				ALWAYS_SEARCH_USER_PATHS = NO;
				CLANG_ANALYZER_NONNULL = YES;
				CLANG_ANALYZER_NUMBER_OBJECT_CONVERSION = YES_AGGRESSIVE;
				CLANG_CXX_LANGUAGE_STANDARD = "gnu++20";
				CLANG_ENABLE_MODULES = YES;
				CLANG_ENABLE_OBJC_ARC = YES;
				CLANG_ENABLE_OBJC_WEAK = YES;
				CLANG_WARN_BLOCK_CAPTURE_AUTORELEASING = YES;
				CLANG_WARN_BOOL_CONVERSION = YES;
				CLANG_WARN_COMMA = YES;
				CLANG_WARN_CONSTANT_CONVERSION = YES;
				CLANG_WARN_DEPRECATED_OBJC_IMPLEMENTATIONS = YES;
				CLANG_WARN_DIRECT_OBJC_ISA_USAGE = YES_ERROR;
				CLANG_WARN_DOCUMENTATION_COMMENTS = YES;
				CLANG_WARN_EMPTY_BODY = YES;
				CLANG_WARN_ENUM_CONVERSION = YES;
				CLANG_WARN_INFINITE_RECURSION = YES;
				CLANG_WARN_INT_CONVERSION = YES;
				CLANG_WARN_NON_LITERAL_NULL_CONVERSION = YES;
				CLANG_WARN_OBJC_IMPLICIT_RETAIN_SELF = YES;
				CLANG_WARN_OBJC_LITERAL_CONVERSION = YES;
				CLANG_WARN_OBJC_ROOT_CLASS = YES_ERROR;
				CLANG_WARN_QUOTED_INCLUDE_IN_FRAMEWORK_HEADER = YES;
				CLANG_WARN_RANGE_LOOP_ANALYSIS = YES;
				CLANG_WARN_STRICT_PROTOTYPES = YES;
				CLANG_WARN_SUSPICIOUS_MOVE = YES;
				CLANG_WARN_UNGUARDED_AVAILABILITY = YES_AGGRESSIVE;
				CLANG_WARN_UNREACHABLE_CODE = YES;
				CLANG_WARN__DUPLICATE_METHOD_MATCH = YES;
				COPY_PHASE_STRIP = NO;
				DEBUG_INFORMATION_FORMAT = dwarf;
				ENABLE_STRICT_OBJC_MSGSEND = YES;
				ENABLE_TESTABILITY = YES;
				GCC_C_LANGUAGE_STANDARD = gnu11;
				GCC_DYNAMIC_NO_PIC = NO;
				GCC_NO_COMMON_BLOCKS = YES;
				GCC_OPTIMIZATION_LEVEL = 0;
				GCC_PREPROCESSOR_DEFINITIONS = (
					"DEBUG=1",
					"$(inherited)",
				);
				GCC_WARN_64_TO_32_BIT_CONVERSION = YES;
				GCC_WARN_ABOUT_RETURN_TYPE = YES_ERROR;
				GCC_WARN_UNDECLARED_SELECTOR = YES;
				GCC_WARN_UNINITIALIZED_AUTOS = YES_AGGRESSIVE;
				GCC_WARN_UNUSED_FUNCTION = YES;
				GCC_WARN_UNUSED_VARIABLE = YES;
				IPHONEOS_DEPLOYMENT_TARGET = 16.4;
				MTL_ENABLE_DEBUG_INFO = INCLUDE_SOURCE;
				MTL_FAST_MATH = YES;
				ONLY_ACTIVE_ARCH = YES;
				SDKROOT = iphoneos;
				SWIFT_ACTIVE_COMPILATION_CONDITIONS = DEBUG;
				SWIFT_OPTIMIZATION_LEVEL = "-Onone";
			};
			name = Debug;
		};
		E30B701B2A8E582800486EB0 /* Release */ = {
			isa = XCBuildConfiguration;
			buildSettings = {
				ALWAYS_SEARCH_USER_PATHS = NO;
				CLANG_ANALYZER_NONNULL = YES;
				CLANG_ANALYZER_NUMBER_OBJECT_CONVERSION = YES_AGGRESSIVE;
				CLANG_CXX_LANGUAGE_STANDARD = "gnu++20";
				CLANG_ENABLE_MODULES = YES;
				CLANG_ENABLE_OBJC_ARC = YES;
				CLANG_ENABLE_OBJC_WEAK = YES;
				CLANG_WARN_BLOCK_CAPTURE_AUTORELEASING = YES;
				CLANG_WARN_BOOL_CONVERSION = YES;
				CLANG_WARN_COMMA = YES;
				CLANG_WARN_CONSTANT_CONVERSION = YES;
				CLANG_WARN_DEPRECATED_OBJC_IMPLEMENTATIONS = YES;
				CLANG_WARN_DIRECT_OBJC_ISA_USAGE = YES_ERROR;
				CLANG_WARN_DOCUMENTATION_COMMENTS = YES;
				CLANG_WARN_EMPTY_BODY = YES;
				CLANG_WARN_ENUM_CONVERSION = YES;
				CLANG_WARN_INFINITE_RECURSION = YES;
				CLANG_WARN_INT_CONVERSION = YES;
				CLANG_WARN_NON_LITERAL_NULL_CONVERSION = YES;
				CLANG_WARN_OBJC_IMPLICIT_RETAIN_SELF = YES;
				CLANG_WARN_OBJC_LITERAL_CONVERSION = YES;
				CLANG_WARN_OBJC_ROOT_CLASS = YES_ERROR;
				CLANG_WARN_QUOTED_INCLUDE_IN_FRAMEWORK_HEADER = YES;
				CLANG_WARN_RANGE_LOOP_ANALYSIS = YES;
				CLANG_WARN_STRICT_PROTOTYPES = YES;
				CLANG_WARN_SUSPICIOUS_MOVE = YES;
				CLANG_WARN_UNGUARDED_AVAILABILITY = YES_AGGRESSIVE;
				CLANG_WARN_UNREACHABLE_CODE = YES;
				CLANG_WARN__DUPLICATE_METHOD_MATCH = YES;
				COPY_PHASE_STRIP = NO;
				DEBUG_INFORMATION_FORMAT = "dwarf-with-dsym";
				ENABLE_NS_ASSERTIONS = NO;
				ENABLE_STRICT_OBJC_MSGSEND = YES;
				GCC_C_LANGUAGE_STANDARD = gnu11;
				GCC_NO_COMMON_BLOCKS = YES;
				GCC_WARN_64_TO_32_BIT_CONVERSION = YES;
				GCC_WARN_ABOUT_RETURN_TYPE = YES_ERROR;
				GCC_WARN_UNDECLARED_SELECTOR = YES;
				GCC_WARN_UNINITIALIZED_AUTOS = YES_AGGRESSIVE;
				GCC_WARN_UNUSED_FUNCTION = YES;
				GCC_WARN_UNUSED_VARIABLE = YES;
				IPHONEOS_DEPLOYMENT_TARGET = 16.4;
				MTL_ENABLE_DEBUG_INFO = NO;
				MTL_FAST_MATH = YES;
				SDKROOT = iphoneos;
				SWIFT_COMPILATION_MODE = wholemodule;
				SWIFT_OPTIMIZATION_LEVEL = "-O";
				VALIDATE_PRODUCT = YES;
			};
			name = Release;
		};
		E30B701D2A8E582800486EB0 /* Debug */ = {
			isa = XCBuildConfiguration;
			buildSettings = {
				ASSETCATALOG_COMPILER_APPICON_NAME = AppIcon;
				ASSETCATALOG_COMPILER_GLOBAL_ACCENT_COLOR_NAME = AccentColor;
				CODE_SIGN_STYLE = Automatic;
				CURRENT_PROJECT_VERSION = 1;
				DEVELOPMENT_TEAM = K49J9CAYG6;
				GENERATE_INFOPLIST_FILE = YES;
				INFOPLIST_FILE = Today/Info.plist;
				INFOPLIST_KEY_UIApplicationSupportsIndirectInputEvents = YES;
				INFOPLIST_KEY_UILaunchStoryboardName = LaunchScreen;
				INFOPLIST_KEY_UIMainStoryboardFile = "";
				INFOPLIST_KEY_UISupportedInterfaceOrientations_iPad = "UIInterfaceOrientationPortrait UIInterfaceOrientationPortraitUpsideDown UIInterfaceOrientationLandscapeLeft UIInterfaceOrientationLandscapeRight";
				INFOPLIST_KEY_UISupportedInterfaceOrientations_iPhone = "UIInterfaceOrientationPortrait UIInterfaceOrientationLandscapeLeft UIInterfaceOrientationLandscapeRight";
				LD_RUNPATH_SEARCH_PATHS = (
					"$(inherited)",
					"@executable_path/Frameworks",
				);
				MARKETING_VERSION = 1.0;
				PRODUCT_BUNDLE_IDENTIFIER = com.jukic.tin.Today;
				PRODUCT_NAME = "$(TARGET_NAME)";
				SWIFT_EMIT_LOC_STRINGS = YES;
				SWIFT_VERSION = 5.0;
				TARGETED_DEVICE_FAMILY = "1,2";
			};
			name = Debug;
		};
		E30B701E2A8E582800486EB0 /* Release */ = {
			isa = XCBuildConfiguration;
			buildSettings = {
				ASSETCATALOG_COMPILER_APPICON_NAME = AppIcon;
				ASSETCATALOG_COMPILER_GLOBAL_ACCENT_COLOR_NAME = AccentColor;
				CODE_SIGN_STYLE = Automatic;
				CURRENT_PROJECT_VERSION = 1;
				DEVELOPMENT_TEAM = K49J9CAYG6;
				GENERATE_INFOPLIST_FILE = YES;
				INFOPLIST_FILE = Today/Info.plist;
				INFOPLIST_KEY_UIApplicationSupportsIndirectInputEvents = YES;
				INFOPLIST_KEY_UILaunchStoryboardName = LaunchScreen;
				INFOPLIST_KEY_UIMainStoryboardFile = "";
				INFOPLIST_KEY_UISupportedInterfaceOrientations_iPad = "UIInterfaceOrientationPortrait UIInterfaceOrientationPortraitUpsideDown UIInterfaceOrientationLandscapeLeft UIInterfaceOrientationLandscapeRight";
				INFOPLIST_KEY_UISupportedInterfaceOrientations_iPhone = "UIInterfaceOrientationPortrait UIInterfaceOrientationLandscapeLeft UIInterfaceOrientationLandscapeRight";
				LD_RUNPATH_SEARCH_PATHS = (
					"$(inherited)",
					"@executable_path/Frameworks",
				);
				MARKETING_VERSION = 1.0;
				PRODUCT_BUNDLE_IDENTIFIER = com.jukic.tin.Today;
				PRODUCT_NAME = "$(TARGET_NAME)";
				SWIFT_EMIT_LOC_STRINGS = YES;
				SWIFT_VERSION = 5.0;
				TARGETED_DEVICE_FAMILY = "1,2";
			};
			name = Release;
		};
/* End XCBuildConfiguration section */

/* Begin XCConfigurationList section */
		E30B70032A8E582700486EB0 /* Build configuration list for PBXProject "Today" */ = {
			isa = XCConfigurationList;
			buildConfigurations = (
				E30B701A2A8E582800486EB0 /* Debug */,
				E30B701B2A8E582800486EB0 /* Release */,
			);
			defaultConfigurationIsVisible = 0;
			defaultConfigurationName = Release;
		};
		E30B701C2A8E582800486EB0 /* Build configuration list for PBXNativeTarget "Today" */ = {
			isa = XCConfigurationList;
			buildConfigurations = (
				E30B701D2A8E582800486EB0 /* Debug */,
				E30B701E2A8E582800486EB0 /* Release */,
			);
			defaultConfigurationIsVisible = 0;
			defaultConfigurationName = Release;
		};
/* End XCConfigurationList section */
	};
	rootObject = E30B70002A8E582700486EB0 /* Project object */;
}
